
Microsoft Visual Studio Solution File, Format Version 12.00
# Visual Studio Version 17
VisualStudioVersion = 17.3.32825.248
MinimumVisualStudioVersion = 10.0.40219.1
Project("{FAE04EC0-301F-11D3-BF4B-00C04F79EFBC}") = "BD22112022", "BD22112022\BD22112022.csproj", "{AC580DBF-1480-4AFF-90CE-9E53C558F6C7}"
EndProject
Global
	GlobalSection(SolutionConfigurationPlatforms) = preSolution
		Debug|Any CPU = Debug|Any CPU
		Release|Any CPU = Release|Any CPU
	EndGlobalSection
	GlobalSection(ProjectConfigurationPlatforms) = postSolution
		{AC580DBF-1480-4AFF-90CE-9E53C558F6C7}.Debug|Any CPU.ActiveCfg = Debug|Any CPU
		{AC580DBF-1480-4AFF-90CE-9E53C558F6C7}.Debug|Any CPU.Build.0 = Debug|Any CPU
		{AC580DBF-1480-4AFF-90CE-9E53C558F6C7}.Release|Any CPU.ActiveCfg = Release|Any CPU
		{AC580DBF-1480-4AFF-90CE-9E53C558F6C7}.Release|Any CPU.Build.0 = Release|Any CPU
	EndGlobalSection
	GlobalSection(SolutionProperties) = preSolution
		HideSolutionNode = FALSE
	EndGlobalSection
	GlobalSection(ExtensibilityGlobals) = postSolution
		SolutionGuid = {712AF59C-1F3E-4999-8F3A-30B2FCCE3A98}
	EndGlobalSection
EndGlobal
